{
  "meteor": {},
  "dependencies": {
    "basePackages": {
      "famono": {},
      "jade": {}
    },
    "packages": {
      "famono": {
        "git": "https://github.com/raix/Meteor-famono.git",
        "tag": "v0.6.7",
        "commit": "2632d1e0090d642cffe60fa3d682f321234f4c08"
      },
      "jade": {
        "git": "https://github.com/mquandalle/meteor-jade.git",
        "tag": "v0.2.6",
        "commit": "ab1edd68dccae6f5e946d9a84547043816d57864"
      }
    }
  }
}
