{
  "meteor": {},
  "dependencies": {
    "basePackages": {
      "famono": {},
      "jade": {}
    },
    "packages": {
      "famono": {
        "git": "https://github.com/raix/Meteor-famono.git",
        "tag": "v0.3.12",
        "commit": "2cb940bbcf8b72bb65819b813387542156e1bfea"
      },
      "jade": {
        "git": "https://github.com/mquandalle/meteor-jade.git",
        "tag": "v0.2.4",
        "commit": "a47a4c59daaa57e7fe5f1544d4ea76d95a5c9abf"
      }
    }
  }
}
